// !$*UTF8*$!
{
	archiveVersion = 1;
	classes = {
	};
	objectVersion = 50;
	objects = {

/* Begin PBXBuildFile section */
		83496E632239EF290067943B /* WeblandApiConstants.swift in Sources */ = {isa = PBXBuildFile; fileRef = 83496E622239EF290067943B /* WeblandApiConstants.swift */; };
		83496E652239EF4F0067943B /* WeblandApiBaseProtocol.swift in Sources */ = {isa = PBXBuildFile; fileRef = 83496E642239EF4F0067943B /* WeblandApiBaseProtocol.swift */; };
		83496E672239F0920067943B /* WeblandApiBaseRequestProtocol.swift in Sources */ = {isa = PBXBuildFile; fileRef = 83496E662239F0920067943B /* WeblandApiBaseRequestProtocol.swift */; };
		83496E692239F1E70067943B /* TradeListResponse.swift in Sources */ = {isa = PBXBuildFile; fileRef = 83496E682239F1E70067943B /* TradeListResponse.swift */; };
		83496E6B2239F21D0067943B /* TradeListRequest.swift in Sources */ = {isa = PBXBuildFile; fileRef = 83496E6A2239F21D0067943B /* TradeListRequest.swift */; };
		83496E6D2239F3E70067943B /* WeblandApiResult.swift in Sources */ = {isa = PBXBuildFile; fileRef = 83496E6C2239F3E70067943B /* WeblandApiResult.swift */; };
		83496E6F2239F47C0067943B /* WeblandApiManager.swift in Sources */ = {isa = PBXBuildFile; fileRef = 83496E6E2239F47C0067943B /* WeblandApiManager.swift */; };
		834E07102239E1F300D60BED /* AppDelegate.swift in Sources */ = {isa = PBXBuildFile; fileRef = 834E070F2239E1F300D60BED /* AppDelegate.swift */; };
		834E07122239E1F300D60BED /* ViewController.swift in Sources */ = {isa = PBXBuildFile; fileRef = 834E07112239E1F300D60BED /* ViewController.swift */; };
		834E07152239E1F300D60BED /* Main.storyboard in Resources */ = {isa = PBXBuildFile; fileRef = 834E07132239E1F300D60BED /* Main.storyboard */; };
		834E07172239E1F400D60BED /* Assets.xcassets in Resources */ = {isa = PBXBuildFile; fileRef = 834E07162239E1F400D60BED /* Assets.xcassets */; };
		834E071A2239E1F400D60BED /* LaunchScreen.storyboard in Resources */ = {isa = PBXBuildFile; fileRef = 834E07182239E1F400D60BED /* LaunchScreen.storyboard */; };
		834E07282239E62400D60BED /* Alamofire.framework in Frameworks */ = {isa = PBXBuildFile; fileRef = 834E07222239E62400D60BED /* Alamofire.framework */; };
		834E07292239E62400D60BED /* RxAtomic.framework in Frameworks */ = {isa = PBXBuildFile; fileRef = 834E07232239E62400D60BED /* RxAtomic.framework */; };
		834E072A2239E62400D60BED /* RxCocoa.framework in Frameworks */ = {isa = PBXBuildFile; fileRef = 834E07242239E62400D60BED /* RxCocoa.framework */; };
		834E072C2239E62400D60BED /* RxSwift.framework in Frameworks */ = {isa = PBXBuildFile; fileRef = 834E07262239E62400D60BED /* RxSwift.framework */; };
/* End PBXBuildFile section */

/* Begin PBXFileReference section */
		83496E622239EF290067943B /* WeblandApiConstants.swift */ = {isa = PBXFileReference; lastKnownFileType = sourcecode.swift; path = WeblandApiConstants.swift; sourceTree = "<group>"; };
		83496E642239EF4F0067943B /* WeblandApiBaseProtocol.swift */ = {isa = PBXFileReference; lastKnownFileType = sourcecode.swift; path = WeblandApiBaseProtocol.swift; sourceTree = "<group>"; };
		83496E662239F0920067943B /* WeblandApiBaseRequestProtocol.swift */ = {isa = PBXFileReference; lastKnownFileType = sourcecode.swift; path = WeblandApiBaseRequestProtocol.swift; sourceTree = "<group>"; };
		83496E682239F1E70067943B /* TradeListResponse.swift */ = {isa = PBXFileReference; lastKnownFileType = sourcecode.swift; path = TradeListResponse.swift; sourceTree = "<group>"; };
		83496E6A2239F21D0067943B /* TradeListRequest.swift */ = {isa = PBXFileReference; lastKnownFileType = sourcecode.swift; path = TradeListRequest.swift; sourceTree = "<group>"; };
		83496E6C2239F3E70067943B /* WeblandApiResult.swift */ = {isa = PBXFileReference; lastKnownFileType = sourcecode.swift; path = WeblandApiResult.swift; sourceTree = "<group>"; };
		83496E6E2239F47C0067943B /* WeblandApiManager.swift */ = {isa = PBXFileReference; lastKnownFileType = sourcecode.swift; path = WeblandApiManager.swift; sourceTree = "<group>"; };
		834E070C2239E1F300D60BED /* AlamofireSample.app */ = {isa = PBXFileReference; explicitFileType = wrapper.application; includeInIndex = 0; path = AlamofireSample.app; sourceTree = BUILT_PRODUCTS_DIR; };
		834E070F2239E1F300D60BED /* AppDelegate.swift */ = {isa = PBXFileReference; lastKnownFileType = sourcecode.swift; path = AppDelegate.swift; sourceTree = "<group>"; };
		834E07112239E1F300D60BED /* ViewController.swift */ = {isa = PBXFileReference; lastKnownFileType = sourcecode.swift; path = ViewController.swift; sourceTree = "<group>"; };
		834E07142239E1F300D60BED /* Base */ = {isa = PBXFileReference; lastKnownFileType = file.storyboard; name = Base; path = Base.lproj/Main.storyboard; sourceTree = "<group>"; };
		834E07162239E1F400D60BED /* Assets.xcassets */ = {isa = PBXFileReference; lastKnownFileType = folder.assetcatalog; path = Assets.xcassets; sourceTree = "<group>"; };
		834E07192239E1F400D60BED /* Base */ = {isa = PBXFileReference; lastKnownFileType = file.storyboard; name = Base; path = Base.lproj/LaunchScreen.storyboard; sourceTree = "<group>"; };
		834E071B2239E1F400D60BED /* Info.plist */ = {isa = PBXFileReference; lastKnownFileType = text.plist.xml; path = Info.plist; sourceTree = "<group>"; };
		834E07222239E62400D60BED /* Alamofire.framework */ = {isa = PBXFileReference; lastKnownFileType = wrapper.framework; name = Alamofire.framework; path = Carthage/Build/iOS/Alamofire.framework; sourceTree = "<group>"; };
		834E07232239E62400D60BED /* RxAtomic.framework */ = {isa = PBXFileReference; lastKnownFileType = wrapper.framework; name = RxAtomic.framework; path = Carthage/Build/iOS/RxAtomic.framework; sourceTree = "<group>"; };
		834E07242239E62400D60BED /* RxCocoa.framework */ = {isa = PBXFileReference; lastKnownFileType = wrapper.framework; name = RxCocoa.framework; path = Carthage/Build/iOS/RxCocoa.framework; sourceTree = "<group>"; };
		834E07252239E62400D60BED /* RxBlocking.framework */ = {isa = PBXFileReference; lastKnownFileType = wrapper.framework; name = RxBlocking.framework; path = Carthage/Build/iOS/RxBlocking.framework; sourceTree = "<group>"; };
		834E07262239E62400D60BED /* RxSwift.framework */ = {isa = PBXFileReference; lastKnownFileType = wrapper.framework; name = RxSwift.framework; path = Carthage/Build/iOS/RxSwift.framework; sourceTree = "<group>"; };
		834E07272239E62400D60BED /* RxTest.framework */ = {isa = PBXFileReference; lastKnownFileType = wrapper.framework; name = RxTest.framework; path = Carthage/Build/iOS/RxTest.framework; sourceTree = "<group>"; };
/* End PBXFileReference section */

/* Begin PBXFrameworksBuildPhase section */
		834E07092239E1F300D60BED /* Frameworks */ = {
			isa = PBXFrameworksBuildPhase;
			buildActionMask = 2147483647;
			files = (
				834E07282239E62400D60BED /* Alamofire.framework in Frameworks */,
				834E07292239E62400D60BED /* RxAtomic.framework in Frameworks */,
				834E072A2239E62400D60BED /* RxCocoa.framework in Frameworks */,
				834E072C2239E62400D60BED /* RxSwift.framework in Frameworks */,
			);
			runOnlyForDeploymentPostprocessing = 0;
		};
/* End PBXFrameworksBuildPhase section */

/* Begin PBXGroup section */
		8327AC51223B5E650052A8FD /* WeblandApi */ = {
			isa = PBXGroup;
			children = (
				83496E622239EF290067943B /* WeblandApiConstants.swift */,
				83496E642239EF4F0067943B /* WeblandApiBaseProtocol.swift */,
				83496E662239F0920067943B /* WeblandApiBaseRequestProtocol.swift */,
				83496E682239F1E70067943B /* TradeListResponse.swift */,
				83496E6A2239F21D0067943B /* TradeListRequest.swift */,
				83496E6C2239F3E70067943B /* WeblandApiResult.swift */,
				83496E6E2239F47C0067943B /* WeblandApiManager.swift */,
			);
			path = WeblandApi;
			sourceTree = "<group>";
		};
		834E07032239E1F300D60BED = {
			isa = PBXGroup;
			children = (
				834E070E2239E1F300D60BED /* AlamofireSample */,
				834E070D2239E1F300D60BED /* Products */,
				834E07212239E62300D60BED /* Frameworks */,
			);
			sourceTree = "<group>";
		};
		834E070D2239E1F300D60BED /* Products */ = {
			isa = PBXGroup;
			children = (
				834E070C2239E1F300D60BED /* AlamofireSample.app */,
			);
			name = Products;
			sourceTree = "<group>";
		};
		834E070E2239E1F300D60BED /* AlamofireSample */ = {
			isa = PBXGroup;
			children = (
				834E070F2239E1F300D60BED /* AppDelegate.swift */,
				834E07112239E1F300D60BED /* ViewController.swift */,
				8327AC51223B5E650052A8FD /* WeblandApi */,
				834E07132239E1F300D60BED /* Main.storyboard */,
				834E07162239E1F400D60BED /* Assets.xcassets */,
				834E07182239E1F400D60BED /* LaunchScreen.storyboard */,
				834E071B2239E1F400D60BED /* Info.plist */,
			);
			path = AlamofireSample;
			sourceTree = "<group>";
		};
		834E07212239E62300D60BED /* Frameworks */ = {
			isa = PBXGroup;
			children = (
				834E07222239E62400D60BED /* Alamofire.framework */,
				834E07232239E62400D60BED /* RxAtomic.framework */,
				834E07252239E62400D60BED /* RxBlocking.framework */,
				834E07242239E62400D60BED /* RxCocoa.framework */,
				834E07262239E62400D60BED /* RxSwift.framework */,
				834E07272239E62400D60BED /* RxTest.framework */,
			);
			name = Frameworks;
			sourceTree = "<group>";
		};
/* End PBXGroup section */

/* Begin PBXNativeTarget section */
		834E070B2239E1F300D60BED /* AlamofireSample */ = {
			isa = PBXNativeTarget;
			buildConfigurationList = 834E071E2239E1F400D60BED /* Build configuration list for PBXNativeTarget "AlamofireSample" */;
			buildPhases = (
				834E07082239E1F300D60BED /* Sources */,
				834E07092239E1F300D60BED /* Frameworks */,
				834E070A2239E1F300D60BED /* Resources */,
				834E072E2239E66200D60BED /* ShellScript */,
			);
			buildRules = (
			);
			dependencies = (
			);
			name = AlamofireSample;
			productName = AlamofireSample;
			productReference = 834E070C2239E1F300D60BED /* AlamofireSample.app */;
			productType = "com.apple.product-type.application";
		};
/* End PBXNativeTarget section */

/* Begin PBXProject section */
		834E07042239E1F300D60BED /* Project object */ = {
			isa = PBXProject;
			attributes = {
				LastSwiftUpdateCheck = 1010;
				LastUpgradeCheck = 1010;
				ORGANIZATIONNAME = "CTC Developer Team";
				TargetAttributes = {
					834E070B2239E1F300D60BED = {
						CreatedOnToolsVersion = 10.1;
					};
				};
			};
			buildConfigurationList = 834E07072239E1F300D60BED /* Build configuration list for PBXProject "AlamofireSample" */;
			compatibilityVersion = "Xcode 9.3";
			developmentRegion = en;
			hasScannedForEncodings = 0;
			knownRegions = (
				en,
				Base,
			);
			mainGroup = 834E07032239E1F300D60BED;
			productRefGroup = 834E070D2239E1F300D60BED /* Products */;
			projectDirPath = "";
			projectRoot = "";
			targets = (
				834E070B2239E1F300D60BED /* AlamofireSample */,
			);
		};
/* End PBXProject section */

/* Begin PBXResourcesBuildPhase section */
		834E070A2239E1F300D60BED /* Resources */ = {
			isa = PBXResourcesBuildPhase;
			buildActionMask = 2147483647;
			files = (
				834E071A2239E1F400D60BED /* LaunchScreen.storyboard in Resources */,
				834E07172239E1F400D60BED /* Assets.xcassets in Resources */,
				834E07152239E1F300D60BED /* Main.storyboard in Resources */,
			);
			runOnlyForDeploymentPostprocessing = 0;
		};
/* End PBXResourcesBuildPhase section */

/* Begin PBXShellScriptBuildPhase section */
		834E072E2239E66200D60BED /* ShellScript */ = {
			isa = PBXShellScriptBuildPhase;
			buildActionMask = 2147483647;
			files = (
			);
			inputFileListPaths = (
			);
			inputPaths = (
				"$(SRCROOT)/Carthage/Build/iOS/Alamofire.framework",
				"$(SRCROOT)/Carthage/Build/iOS/RxAtomic.framework",
				"$(SRCROOT)/Carthage/Build/iOS/RxCocoa.framework",
				"$(SRCROOT)/Carthage/Build/iOS/RxSwift.framework",
			);
			outputFileListPaths = (
			);
			outputPaths = (
			);
			runOnlyForDeploymentPostprocessing = 0;
			shellPath = /bin/sh;
			shellScript = "# Type a script or drag a script file from your workspace to insert its path.\n/usr/local/bin/carthage copy-frameworks\n";
		};
/* End PBXShellScriptBuildPhase section */

/* Begin PBXSourcesBuildPhase section */
		834E07082239E1F300D60BED /* Sources */ = {
			isa = PBXSourcesBuildPhase;
			buildActionMask = 2147483647;
			files = (
				83496E672239F0920067943B /* WeblandApiBaseRequestProtocol.swift in Sources */,
				834E07122239E1F300D60BED /* ViewController.swift in Sources */,
				83496E692239F1E70067943B /* TradeListResponse.swift in Sources */,
				83496E6F2239F47C0067943B /* WeblandApiManager.swift in Sources */,
				83496E6D2239F3E70067943B /* WeblandApiResult.swift in Sources */,
				834E07102239E1F300D60BED /* AppDelegate.swift in Sources */,
				83496E632239EF290067943B /* WeblandApiConstants.swift in Sources */,
				83496E652239EF4F0067943B /* WeblandApiBaseProtocol.swift in Sources */,
				83496E6B2239F21D0067943B /* TradeListRequest.swift in Sources */,
			);
			runOnlyForDeploymentPostprocessing = 0;
		};
/* End PBXSourcesBuildPhase section */

/* Begin PBXVariantGroup section */
		834E07132239E1F300D60BED /* Main.storyboard */ = {
			isa = PBXVariantGroup;
			children = (
				834E07142239E1F300D60BED /* Base */,
			);
			name = Main.storyboard;
			sourceTree = "<group>";
		};
		834E07182239E1F400D60BED /* LaunchScreen.storyboard */ = {
			isa = PBXVariantGroup;
			children = (
				834E07192239E1F400D60BED /* Base */,
			);
			name = LaunchScreen.storyboard;
			sourceTree = "<group>";
		};
/* End PBXVariantGroup section */

/* Begin XCBuildConfiguration section */
		834E071C2239E1F400D60BED /* Debug */ = {
			isa = XCBuildConfiguration;
			buildSettings = {
				ALWAYS_SEARCH_USER_PATHS = NO;
				CLANG_ANALYZER_NONNULL = YES;
				CLANG_ANALYZER_NUMBER_OBJECT_CONVERSION = YES_AGGRESSIVE;
				CLANG_CXX_LANGUAGE_STANDARD = "gnu++14";
				CLANG_CXX_LIBRARY = "libc++";
				CLANG_ENABLE_MODULES = YES;
				CLANG_ENABLE_OBJC_ARC = YES;
				CLANG_ENABLE_OBJC_WEAK = YES;
				CLANG_WARN_BLOCK_CAPTURE_AUTORELEASING = YES;
				CLANG_WARN_BOOL_CONVERSION = YES;
				CLANG_WARN_COMMA = YES;
				CLANG_WARN_CONSTANT_CONVERSION = YES;
				CLANG_WARN_DEPRECATED_OBJC_IMPLEMENTATIONS = YES;
				CLANG_WARN_DIRECT_OBJC_ISA_USAGE = YES_ERROR;
				CLANG_WARN_DOCUMENTATION_COMMENTS = YES;
				CLANG_WARN_EMPTY_BODY = YES;
				CLANG_WARN_ENUM_CONVERSION = YES;
				CLANG_WARN_INFINITE_RECURSION = YES;
				CLANG_WARN_INT_CONVERSION = YES;
				CLANG_WARN_NON_LITERAL_NULL_CONVERSION = YES;
				CLANG_WARN_OBJC_IMPLICIT_RETAIN_SELF = YES;
				CLANG_WARN_OBJC_LITERAL_CONVERSION = YES;
				CLANG_WARN_OBJC_ROOT_CLASS = YES_ERROR;
				CLANG_WARN_RANGE_LOOP_ANALYSIS = YES;
				CLANG_WARN_STRICT_PROTOTYPES = YES;
				CLANG_WARN_SUSPICIOUS_MOVE = YES;
				CLANG_WARN_UNGUARDED_AVAILABILITY = YES_AGGRESSIVE;
				CLANG_WARN_UNREACHABLE_CODE = YES;
				CLANG_WARN__DUPLICATE_METHOD_MATCH = YES;
				CODE_SIGN_IDENTITY = "iPhone Developer";
				COPY_PHASE_STRIP = NO;
				DEBUG_INFORMATION_FORMAT = dwarf;
				ENABLE_STRICT_OBJC_MSGSEND = YES;
				ENABLE_TESTABILITY = YES;
				GCC_C_LANGUAGE_STANDARD = gnu11;
				GCC_DYNAMIC_NO_PIC = NO;
				GCC_NO_COMMON_BLOCKS = YES;
				GCC_OPTIMIZATION_LEVEL = 0;
				GCC_PREPROCESSOR_DEFINITIONS = (
					"DEBUG=1",
					"$(inherited)",
				);
				GCC_WARN_64_TO_32_BIT_CONVERSION = YES;
				GCC_WARN_ABOUT_RETURN_TYPE = YES_ERROR;
				GCC_WARN_UNDECLARED_SELECTOR = YES;
				GCC_WARN_UNINITIALIZED_AUTOS = YES_AGGRESSIVE;
				GCC_WARN_UNUSED_FUNCTION = YES;
				GCC_WARN_UNUSED_VARIABLE = YES;
				IPHONEOS_DEPLOYMENT_TARGET = 12.1;
				MTL_ENABLE_DEBUG_INFO = INCLUDE_SOURCE;
				MTL_FAST_MATH = YES;
				ONLY_ACTIVE_ARCH = YES;
				SDKROOT = iphoneos;
				SWIFT_ACTIVE_COMPILATION_CONDITIONS = DEBUG;
				SWIFT_OPTIMIZATION_LEVEL = "-Onone";
			};
			name = Debug;
		};
		834E071D2239E1F400D60BED /* Release */ = {
			isa = XCBuildConfiguration;
			buildSettings = {
				ALWAYS_SEARCH_USER_PATHS = NO;
				CLANG_ANALYZER_NONNULL = YES;
				CLANG_ANALYZER_NUMBER_OBJECT_CONVERSION = YES_AGGRESSIVE;
				CLANG_CXX_LANGUAGE_STANDARD = "gnu++14";
				CLANG_CXX_LIBRARY = "libc++";
				CLANG_ENABLE_MODULES = YES;
				CLANG_ENABLE_OBJC_ARC = YES;
				CLANG_ENABLE_OBJC_WEAK = YES;
				CLANG_WARN_BLOCK_CAPTURE_AUTORELEASING = YES;
				CLANG_WARN_BOOL_CONVERSION = YES;
				CLANG_WARN_COMMA = YES;
				CLANG_WARN_CONSTANT_CONVERSION = YES;
				CLANG_WARN_DEPRECATED_OBJC_IMPLEMENTATIONS = YES;
				CLANG_WARN_DIRECT_OBJC_ISA_USAGE = YES_ERROR;
				CLANG_WARN_DOCUMENTATION_COMMENTS = YES;
				CLANG_WARN_EMPTY_BODY = YES;
				CLANG_WARN_ENUM_CONVERSION = YES;
				CLANG_WARN_INFINITE_RECURSION = YES;
				CLANG_WARN_INT_CONVERSION = YES;
				CLANG_WARN_NON_LITERAL_NULL_CONVERSION = YES;
				CLANG_WARN_OBJC_IMPLICIT_RETAIN_SELF = YES;
				CLANG_WARN_OBJC_LITERAL_CONVERSION = YES;
				CLANG_WARN_OBJC_ROOT_CLASS = YES_ERROR;
				CLANG_WARN_RANGE_LOOP_ANALYSIS = YES;
				CLANG_WARN_STRICT_PROTOTYPES = YES;
				CLANG_WARN_SUSPICIOUS_MOVE = YES;
				CLANG_WARN_UNGUARDED_AVAILABILITY = YES_AGGRESSIVE;
				CLANG_WARN_UNREACHABLE_CODE = YES;
				CLANG_WARN__DUPLICATE_METHOD_MATCH = YES;
				CODE_SIGN_IDENTITY = "iPhone Developer";
				COPY_PHASE_STRIP = NO;
				DEBUG_INFORMATION_FORMAT = "dwarf-with-dsym";
				ENABLE_NS_ASSERTIONS = NO;
				ENABLE_STRICT_OBJC_MSGSEND = YES;
				GCC_C_LANGUAGE_STANDARD = gnu11;
				GCC_NO_COMMON_BLOCKS = YES;
				GCC_WARN_64_TO_32_BIT_CONVERSION = YES;
				GCC_WARN_ABOUT_RETURN_TYPE = YES_ERROR;
				GCC_WARN_UNDECLARED_SELECTOR = YES;
				GCC_WARN_UNINITIALIZED_AUTOS = YES_AGGRESSIVE;
				GCC_WARN_UNUSED_FUNCTION = YES;
				GCC_WARN_UNUSED_VARIABLE = YES;
				IPHONEOS_DEPLOYMENT_TARGET = 12.1;
				MTL_ENABLE_DEBUG_INFO = NO;
				MTL_FAST_MATH = YES;
				SDKROOT = iphoneos;
				SWIFT_COMPILATION_MODE = wholemodule;
				SWIFT_OPTIMIZATION_LEVEL = "-O";
				VALIDATE_PRODUCT = YES;
			};
			name = Release;
		};
		834E071F2239E1F400D60BED /* Debug */ = {
			isa = XCBuildConfiguration;
			buildSettings = {
				ASSETCATALOG_COMPILER_APPICON_NAME = AppIcon;
				CODE_SIGN_STYLE = Automatic;
				FRAMEWORK_SEARCH_PATHS = (
					"$(inherited)",
					"$(PROJECT_DIR)/Carthage/Build/iOS",
				);
				INFOPLIST_FILE = AlamofireSample/Info.plist;
				LD_RUNPATH_SEARCH_PATHS = (
					"$(inherited)",
					"@executable_path/Frameworks",
				);
				PRODUCT_BUNDLE_IDENTIFIER = "jp.or.shinnyo-en.ctcdev.AlamofireSample";
				PRODUCT_NAME = "$(TARGET_NAME)";
				SWIFT_VERSION = 4.2;
				TARGETED_DEVICE_FAMILY = "1,2";
			};
			name = Debug;
		};
		834E07202239E1F400D60BED /* Release */ = {
			isa = XCBuildConfiguration;
			buildSettings = {
				ASSETCATALOG_COMPILER_APPICON_NAME = AppIcon;
				CODE_SIGN_STYLE = Automatic;
				FRAMEWORK_SEARCH_PATHS = (
					"$(inherited)",
					"$(PROJECT_DIR)/Carthage/Build/iOS",
				);
				INFOPLIST_FILE = AlamofireSample/Info.plist;
				LD_RUNPATH_SEARCH_PATHS = (
					"$(inherited)",
					"@executable_path/Frameworks",
				);
				PRODUCT_BUNDLE_IDENTIFIER = "jp.or.shinnyo-en.ctcdev.AlamofireSample";
				PRODUCT_NAME = "$(TARGET_NAME)";
				SWIFT_VERSION = 4.2;
				TARGETED_DEVICE_FAMILY = "1,2";
			};
			name = Release;
		};
/* End XCBuildConfiguration section */

/* Begin XCConfigurationList section */
		834E07072239E1F300D60BED /* Build configuration list for PBXProject "AlamofireSample" */ = {
			isa = XCConfigurationList;
			buildConfigurations = (
				834E071C2239E1F400D60BED /* Debug */,
				834E071D2239E1F400D60BED /* Release */,
			);
			defaultConfigurationIsVisible = 0;
			defaultConfigurationName = Release;
		};
		834E071E2239E1F400D60BED /* Build configuration list for PBXNativeTarget "AlamofireSample" */ = {
			isa = XCConfigurationList;
			buildConfigurations = (
				834E071F2239E1F400D60BED /* Debug */,
				834E07202239E1F400D60BED /* Release */,
			);
			defaultConfigurationIsVisible = 0;
			defaultConfigurationName = Release;
		};
/* End XCConfigurationList section */
	};
	rootObject = 834E07042239E1F300D60BED /* Project object */;
}
